
Microsoft Visual Studio Solution File, Format Version 12.00
# Visual Studio Version 16
VisualStudioVersion = 16.0.28803.352
MinimumVisualStudioVersion = 10.0.40219.1
Project("{8BC9CEB8-8B4A-11D0-8D11-00A0C91BC942}") = "Lab12_server", "Lab12_server\Lab12_server.vcxproj", "{AD6AF3CE-3CDC-4143-8C68-1377B0099717}"
EndProject
Global
	GlobalSection(SolutionConfigurationPlatforms) = preSolution
		Debug|x64 = Debug|x64
		Debug|x86 = Debug|x86
		Release|x64 = Release|x64
		Release|x86 = Release|x86
	EndGlobalSection
	GlobalSection(ProjectConfigurationPlatforms) = postSolution
		{AD6AF3CE-3CDC-4143-8C68-1377B0099717}.Debug|x64.ActiveCfg = Debug|x64
		{AD6AF3CE-3CDC-4143-8C68-1377B0099717}.Debug|x64.Build.0 = Debug|x64
		{AD6AF3CE-3CDC-4143-8C68-1377B0099717}.Debug|x86.ActiveCfg = Debug|Win32
		{AD6AF3CE-3CDC-4143-8C68-1377B0099717}.Debug|x86.Build.0 = Debug|Win32
		{AD6AF3CE-3CDC-4143-8C68-1377B0099717}.Release|x64.ActiveCfg = Release|x64
		{AD6AF3CE-3CDC-4143-8C68-1377B0099717}.Release|x64.Build.0 = Release|x64
		{AD6AF3CE-3CDC-4143-8C68-1377B0099717}.Release|x86.ActiveCfg = Release|Win32
		{AD6AF3CE-3CDC-4143-8C68-1377B0099717}.Release|x86.Build.0 = Release|Win32
	EndGlobalSection
	GlobalSection(SolutionProperties) = preSolution
		HideSolutionNode = FALSE
	EndGlobalSection
	GlobalSection(ExtensibilityGlobals) = postSolution
		SolutionGuid = {4F710B79-80ED-4FF5-9712-5BE0229FD336}
	EndGlobalSection
EndGlobal
